{
  "name": "generateui-playground",
  "version": "1.0.0",
  "lockfileVersion": 3,
  "requires": true,
  "packages": {
    "": {
      "name": "generateui-playground",
      "version": "1.0.0",
      "license": "ISC",
      "dependencies": {
        "generate-ui": "file:../generateui"
      }
    },
    "../generateui": {
      "name": "generate-ui",
      "version": "1.0.0",
      "license": "MIT",
      "dependencies": {
        "@apidevtools/swagger-parser": "^12.1.0",
        "commander": "^14.0.2",
        "handlebars": "^4.7.8",
        "yaml": "^2.8.2"
      },
      "bin": {
        "generate-ui": "dist/index.js"
      },
      "devDependencies": {
        "@types/node": "^25.0.2",
        "ts-node": "^10.9.2",
        "typescript": "^5.9.3"
      }
    },
    "node_modules/generate-ui": {
      "resolved": "../generateui",
      "link": true
    }
  }
}
